
Microsoft Visual Studio Solution File, Format Version 12.00
# Visual Studio 15
VisualStudioVersion = 15.0.27004.2006
MinimumVisualStudioVersion = 10.0.40219.1
Project("{F2A71F9B-5D33-465A-A702-920D77279786}") = "TestFSharpADAndroid", "TestFSharpADAndroid\TestFSharpADAndroid.fsproj", "{15370A07-EA7B-4BB3-82AE-3B87FDE43735}"
EndProject
Global
	GlobalSection(SolutionConfigurationPlatforms) = preSolution
		Debug|Any CPU = Debug|Any CPU
		Release|Any CPU = Release|Any CPU
	EndGlobalSection
	GlobalSection(ProjectConfigurationPlatforms) = postSolution
		{15370A07-EA7B-4BB3-82AE-3B87FDE43735}.Debug|Any CPU.ActiveCfg = Debug|Any CPU
		{15370A07-EA7B-4BB3-82AE-3B87FDE43735}.Debug|Any CPU.Build.0 = Debug|Any CPU
		{15370A07-EA7B-4BB3-82AE-3B87FDE43735}.Debug|Any CPU.Deploy.0 = Debug|Any CPU
		{15370A07-EA7B-4BB3-82AE-3B87FDE43735}.Release|Any CPU.ActiveCfg = Release|Any CPU
		{15370A07-EA7B-4BB3-82AE-3B87FDE43735}.Release|Any CPU.Build.0 = Release|Any CPU
		{15370A07-EA7B-4BB3-82AE-3B87FDE43735}.Release|Any CPU.Deploy.0 = Release|Any CPU
	EndGlobalSection
	GlobalSection(SolutionProperties) = preSolution
		HideSolutionNode = FALSE
	EndGlobalSection
	GlobalSection(ExtensibilityGlobals) = postSolution
		SolutionGuid = {B4563D2A-EEB1-41D6-AFD3-CE8B97631510}
	EndGlobalSection
EndGlobal
